
Microsoft Visual Studio Solution File, Format Version 12.00
# Visual Studio Version 16
VisualStudioVersion = 16.0.30011.22
MinimumVisualStudioVersion = 10.0.40219.1
Project("{9A19103F-16F7-4668-BE54-9A1E7A4F7556}") = "wfm.geniali.cli", "wfm.geniali.cli\wfm.geniali.cli.csproj", "{F82E3208-834A-405E-BD39-8AB699833DD3}"
EndProject
Project("{9A19103F-16F7-4668-BE54-9A1E7A4F7556}") = "wfm.geniali.rest", "wfm.geniali.rest\wfm.geniali.rest.csproj", "{2DF988C9-0794-4410-9F55-D971B687593E}"
EndProject
Project("{2150E333-8FDC-42A3-9474-1A3956D46DE8}") = "Solution Items", "Solution Items", "{8ACAB285-D653-40E7-BF55-DF85758F6D82}"
	ProjectSection(SolutionItems) = preProject
		.gitignore = .gitignore
		README.md = README.md
	EndProjectSection
EndProject
Project("{FAE04EC0-301F-11D3-BF4B-00C04F79EFBC}") = "wfm.geniali.desktop.app", "wfm.geniali.desktop.app\wfm.geniali.desktop.app.csproj", "{A5C14329-C0DE-45BF-93D3-37FC4AC19194}"
EndProject
Global
	GlobalSection(SolutionConfigurationPlatforms) = preSolution
		Debug|Any CPU = Debug|Any CPU
		Release|Any CPU = Release|Any CPU
	EndGlobalSection
	GlobalSection(ProjectConfigurationPlatforms) = postSolution
		{F82E3208-834A-405E-BD39-8AB699833DD3}.Debug|Any CPU.ActiveCfg = Debug|Any CPU
		{F82E3208-834A-405E-BD39-8AB699833DD3}.Debug|Any CPU.Build.0 = Debug|Any CPU
		{F82E3208-834A-405E-BD39-8AB699833DD3}.Release|Any CPU.ActiveCfg = Release|Any CPU
		{F82E3208-834A-405E-BD39-8AB699833DD3}.Release|Any CPU.Build.0 = Release|Any CPU
		{2DF988C9-0794-4410-9F55-D971B687593E}.Debug|Any CPU.ActiveCfg = Debug|Any CPU
		{2DF988C9-0794-4410-9F55-D971B687593E}.Debug|Any CPU.Build.0 = Debug|Any CPU
		{2DF988C9-0794-4410-9F55-D971B687593E}.Release|Any CPU.ActiveCfg = Release|Any CPU
		{2DF988C9-0794-4410-9F55-D971B687593E}.Release|Any CPU.Build.0 = Release|Any CPU
		{A5C14329-C0DE-45BF-93D3-37FC4AC19194}.Debug|Any CPU.ActiveCfg = Debug|Any CPU
		{A5C14329-C0DE-45BF-93D3-37FC4AC19194}.Debug|Any CPU.Build.0 = Debug|Any CPU
		{A5C14329-C0DE-45BF-93D3-37FC4AC19194}.Release|Any CPU.ActiveCfg = Release|Any CPU
		{A5C14329-C0DE-45BF-93D3-37FC4AC19194}.Release|Any CPU.Build.0 = Release|Any CPU
	EndGlobalSection
	GlobalSection(SolutionProperties) = preSolution
		HideSolutionNode = FALSE
	EndGlobalSection
	GlobalSection(ExtensibilityGlobals) = postSolution
		SolutionGuid = {DAFE84DA-D87B-4642-80D5-BCF001D2A0D0}
	EndGlobalSection
EndGlobal
